// !$*UTF8*$!
{
	archiveVersion = 1;
	classes = {
	};
	objectVersion = 46;
	objects = {

/* Begin PBXBuildFile section */
		046D2D031B615B63007D24DD /* main.m in Sources */ = {isa = PBXBuildFile; fileRef = 046D2D021B615B63007D24DD /* main.m */; };
		046D2D061B615B63007D24DD /* AppDelegate.m in Sources */ = {isa = PBXBuildFile; fileRef = 046D2D051B615B63007D24DD /* AppDelegate.m */; };
		046D2D091B615B63007D24DD /* ViewController.m in Sources */ = {isa = PBXBuildFile; fileRef = 046D2D081B615B63007D24DD /* ViewController.m */; };
		046D2D0C1B615B63007D24DD /* Main.storyboard in Resources */ = {isa = PBXBuildFile; fileRef = 046D2D0A1B615B63007D24DD /* Main.storyboard */; };
		046D2D0E1B615B63007D24DD /* Images.xcassets in Resources */ = {isa = PBXBuildFile; fileRef = 046D2D0D1B615B63007D24DD /* Images.xcassets */; };
		046D2D111B615B63007D24DD /* LaunchScreen.xib in Resources */ = {isa = PBXBuildFile; fileRef = 046D2D0F1B615B63007D24DD /* LaunchScreen.xib */; };
		046D2D1D1B615B63007D24DD /* yyDownTests.m in Sources */ = {isa = PBXBuildFile; fileRef = 046D2D1C1B615B63007D24DD /* yyDownTests.m */; };
		046D2D2B1B615BD2007D24DD /* NSString+Hash.m in Sources */ = {isa = PBXBuildFile; fileRef = 046D2D281B615BD2007D24DD /* NSString+Hash.m */; };
		046D2D2C1B615BD2007D24DD /* YYDownFile.m in Sources */ = {isa = PBXBuildFile; fileRef = 046D2D2A1B615BD2007D24DD /* YYDownFile.m */; };
/* End PBXBuildFile section */

/* Begin PBXContainerItemProxy section */
		046D2D171B615B63007D24DD /* PBXContainerItemProxy */ = {
			isa = PBXContainerItemProxy;
			containerPortal = 046D2CF51B615B62007D24DD /* Project object */;
			proxyType = 1;
			remoteGlobalIDString = 046D2CFC1B615B62007D24DD;
			remoteInfo = yyDown;
		};
/* End PBXContainerItemProxy section */

/* Begin PBXFileReference section */
		046D2CFD1B615B62007D24DD /* yyDown.app */ = {isa = PBXFileReference; explicitFileType = wrapper.application; includeInIndex = 0; path = yyDown.app; sourceTree = BUILT_PRODUCTS_DIR; };
		046D2D011B615B63007D24DD /* Info.plist */ = {isa = PBXFileReference; lastKnownFileType = text.plist.xml; path = Info.plist; sourceTree = "<group>"; };
		046D2D021B615B63007D24DD /* main.m */ = {isa = PBXFileReference; lastKnownFileType = sourcecode.c.objc; path = main.m; sourceTree = "<group>"; };
		046D2D041B615B63007D24DD /* AppDelegate.h */ = {isa = PBXFileReference; lastKnownFileType = sourcecode.c.h; path = AppDelegate.h; sourceTree = "<group>"; };
		046D2D051B615B63007D24DD /* AppDelegate.m */ = {isa = PBXFileReference; lastKnownFileType = sourcecode.c.objc; path = AppDelegate.m; sourceTree = "<group>"; };
		046D2D071B615B63007D24DD /* ViewController.h */ = {isa = PBXFileReference; lastKnownFileType = sourcecode.c.h; path = ViewController.h; sourceTree = "<group>"; };
		046D2D081B615B63007D24DD /* ViewController.m */ = {isa = PBXFileReference; lastKnownFileType = sourcecode.c.objc; path = ViewController.m; sourceTree = "<group>"; };
		046D2D0B1B615B63007D24DD /* Base */ = {isa = PBXFileReference; lastKnownFileType = file.storyboard; name = Base; path = Base.lproj/Main.storyboard; sourceTree = "<group>"; };
		046D2D0D1B615B63007D24DD /* Images.xcassets */ = {isa = PBXFileReference; lastKnownFileType = folder.assetcatalog; path = Images.xcassets; sourceTree = "<group>"; };
		046D2D101B615B63007D24DD /* Base */ = {isa = PBXFileReference; lastKnownFileType = file.xib; name = Base; path = Base.lproj/LaunchScreen.xib; sourceTree = "<group>"; };
		046D2D161B615B63007D24DD /* yyDownTests.xctest */ = {isa = PBXFileReference; explicitFileType = wrapper.cfbundle; includeInIndex = 0; path = yyDownTests.xctest; sourceTree = BUILT_PRODUCTS_DIR; };
		046D2D1B1B615B63007D24DD /* Info.plist */ = {isa = PBXFileReference; lastKnownFileType = text.plist.xml; path = Info.plist; sourceTree = "<group>"; };
		046D2D1C1B615B63007D24DD /* yyDownTests.m */ = {isa = PBXFileReference; lastKnownFileType = sourcecode.c.objc; path = yyDownTests.m; sourceTree = "<group>"; };
		046D2D271B615BD2007D24DD /* NSString+Hash.h */ = {isa = PBXFileReference; fileEncoding = 4; lastKnownFileType = sourcecode.c.h; path = "NSString+Hash.h"; sourceTree = "<group>"; };
		046D2D281B615BD2007D24DD /* NSString+Hash.m */ = {isa = PBXFileReference; fileEncoding = 4; lastKnownFileType = sourcecode.c.objc; path = "NSString+Hash.m"; sourceTree = "<group>"; };
		046D2D291B615BD2007D24DD /* YYDownFile.h */ = {isa = PBXFileReference; fileEncoding = 4; lastKnownFileType = sourcecode.c.h; path = YYDownFile.h; sourceTree = "<group>"; };
		046D2D2A1B615BD2007D24DD /* YYDownFile.m */ = {isa = PBXFileReference; fileEncoding = 4; lastKnownFileType = sourcecode.c.objc; path = YYDownFile.m; sourceTree = "<group>"; };
/* End PBXFileReference section */

/* Begin PBXFrameworksBuildPhase section */
		046D2CFA1B615B62007D24DD /* Frameworks */ = {
			isa = PBXFrameworksBuildPhase;
			buildActionMask = 2147483647;
			files = (
			);
			runOnlyForDeploymentPostprocessing = 0;
		};
		046D2D131B615B63007D24DD /* Frameworks */ = {
			isa = PBXFrameworksBuildPhase;
			buildActionMask = 2147483647;
			files = (
			);
			runOnlyForDeploymentPostprocessing = 0;
		};
/* End PBXFrameworksBuildPhase section */

/* Begin PBXGroup section */
		046D2CF41B615B62007D24DD = {
			isa = PBXGroup;
			children = (
				046D2CFF1B615B62007D24DD /* yyDown */,
				046D2D191B615B63007D24DD /* yyDownTests */,
				046D2CFE1B615B62007D24DD /* Products */,
			);
			sourceTree = "<group>";
		};
		046D2CFE1B615B62007D24DD /* Products */ = {
			isa = PBXGroup;
			children = (
				046D2CFD1B615B62007D24DD /* yyDown.app */,
				046D2D161B615B63007D24DD /* yyDownTests.xctest */,
			);
			name = Products;
			sourceTree = "<group>";
		};
		046D2CFF1B615B62007D24DD /* yyDown */ = {
			isa = PBXGroup;
			children = (
				046D2D261B615BD2007D24DD /* YYFileDown */,
				046D2D041B615B63007D24DD /* AppDelegate.h */,
				046D2D051B615B63007D24DD /* AppDelegate.m */,
				046D2D071B615B63007D24DD /* ViewController.h */,
				046D2D081B615B63007D24DD /* ViewController.m */,
				046D2D0A1B615B63007D24DD /* Main.storyboard */,
				046D2D0D1B615B63007D24DD /* Images.xcassets */,
				046D2D0F1B615B63007D24DD /* LaunchScreen.xib */,
				046D2D001B615B63007D24DD /* Supporting Files */,
			);
			path = yyDown;
			sourceTree = "<group>";
		};
		046D2D001B615B63007D24DD /* Supporting Files */ = {
			isa = PBXGroup;
			children = (
				046D2D011B615B63007D24DD /* Info.plist */,
				046D2D021B615B63007D24DD /* main.m */,
			);
			name = "Supporting Files";
			sourceTree = "<group>";
		};
		046D2D191B615B63007D24DD /* yyDownTests */ = {
			isa = PBXGroup;
			children = (
				046D2D1C1B615B63007D24DD /* yyDownTests.m */,
				046D2D1A1B615B63007D24DD /* Supporting Files */,
			);
			path = yyDownTests;
			sourceTree = "<group>";
		};
		046D2D1A1B615B63007D24DD /* Supporting Files */ = {
			isa = PBXGroup;
			children = (
				046D2D1B1B615B63007D24DD /* Info.plist */,
			);
			name = "Supporting Files";
			sourceTree = "<group>";
		};
		046D2D261B615BD2007D24DD /* YYFileDown */ = {
			isa = PBXGroup;
			children = (
				046D2D271B615BD2007D24DD /* NSString+Hash.h */,
				046D2D281B615BD2007D24DD /* NSString+Hash.m */,
				046D2D291B615BD2007D24DD /* YYDownFile.h */,
				046D2D2A1B615BD2007D24DD /* YYDownFile.m */,
			);
			path = YYFileDown;
			sourceTree = "<group>";
		};
/* End PBXGroup section */

/* Begin PBXNativeTarget section */
		046D2CFC1B615B62007D24DD /* yyDown */ = {
			isa = PBXNativeTarget;
			buildConfigurationList = 046D2D201B615B63007D24DD /* Build configuration list for PBXNativeTarget "yyDown" */;
			buildPhases = (
				046D2CF91B615B62007D24DD /* Sources */,
				046D2CFA1B615B62007D24DD /* Frameworks */,
				046D2CFB1B615B62007D24DD /* Resources */,
			);
			buildRules = (
			);
			dependencies = (
			);
			name = yyDown;
			productName = yyDown;
			productReference = 046D2CFD1B615B62007D24DD /* yyDown.app */;
			productType = "com.apple.product-type.application";
		};
		046D2D151B615B63007D24DD /* yyDownTests */ = {
			isa = PBXNativeTarget;
			buildConfigurationList = 046D2D231B615B63007D24DD /* Build configuration list for PBXNativeTarget "yyDownTests" */;
			buildPhases = (
				046D2D121B615B63007D24DD /* Sources */,
				046D2D131B615B63007D24DD /* Frameworks */,
				046D2D141B615B63007D24DD /* Resources */,
			);
			buildRules = (
			);
			dependencies = (
				046D2D181B615B63007D24DD /* PBXTargetDependency */,
			);
			name = yyDownTests;
			productName = yyDownTests;
			productReference = 046D2D161B615B63007D24DD /* yyDownTests.xctest */;
			productType = "com.apple.product-type.bundle.unit-test";
		};
/* End PBXNativeTarget section */

/* Begin PBXProject section */
		046D2CF51B615B62007D24DD /* Project object */ = {
			isa = PBXProject;
			attributes = {
				LastUpgradeCheck = 0630;
				ORGANIZATIONNAME = yy;
				TargetAttributes = {
					046D2CFC1B615B62007D24DD = {
						CreatedOnToolsVersion = 6.3;
					};
					046D2D151B615B63007D24DD = {
						CreatedOnToolsVersion = 6.3;
						TestTargetID = 046D2CFC1B615B62007D24DD;
					};
				};
			};
			buildConfigurationList = 046D2CF81B615B62007D24DD /* Build configuration list for PBXProject "yyDown" */;
			compatibilityVersion = "Xcode 3.2";
			developmentRegion = English;
			hasScannedForEncodings = 0;
			knownRegions = (
				en,
				Base,
			);
			mainGroup = 046D2CF41B615B62007D24DD;
			productRefGroup = 046D2CFE1B615B62007D24DD /* Products */;
			projectDirPath = "";
			projectRoot = "";
			targets = (
				046D2CFC1B615B62007D24DD /* yyDown */,
				046D2D151B615B63007D24DD /* yyDownTests */,
			);
		};
/* End PBXProject section */

/* Begin PBXResourcesBuildPhase section */
		046D2CFB1B615B62007D24DD /* Resources */ = {
			isa = PBXResourcesBuildPhase;
			buildActionMask = 2147483647;
			files = (
				046D2D0C1B615B63007D24DD /* Main.storyboard in Resources */,
				046D2D111B615B63007D24DD /* LaunchScreen.xib in Resources */,
				046D2D0E1B615B63007D24DD /* Images.xcassets in Resources */,
			);
			runOnlyForDeploymentPostprocessing = 0;
		};
		046D2D141B615B63007D24DD /* Resources */ = {
			isa = PBXResourcesBuildPhase;
			buildActionMask = 2147483647;
			files = (
			);
			runOnlyForDeploymentPostprocessing = 0;
		};
/* End PBXResourcesBuildPhase section */

/* Begin PBXSourcesBuildPhase section */
		046D2CF91B615B62007D24DD /* Sources */ = {
			isa = PBXSourcesBuildPhase;
			buildActionMask = 2147483647;
			files = (
				046D2D091B615B63007D24DD /* ViewController.m in Sources */,
				046D2D2C1B615BD2007D24DD /* YYDownFile.m in Sources */,
				046D2D2B1B615BD2007D24DD /* NSString+Hash.m in Sources */,
				046D2D061B615B63007D24DD /* AppDelegate.m in Sources */,
				046D2D031B615B63007D24DD /* main.m in Sources */,
			);
			runOnlyForDeploymentPostprocessing = 0;
		};
		046D2D121B615B63007D24DD /* Sources */ = {
			isa = PBXSourcesBuildPhase;
			buildActionMask = 2147483647;
			files = (
				046D2D1D1B615B63007D24DD /* yyDownTests.m in Sources */,
			);
			runOnlyForDeploymentPostprocessing = 0;
		};
/* End PBXSourcesBuildPhase section */

/* Begin PBXTargetDependency section */
		046D2D181B615B63007D24DD /* PBXTargetDependency */ = {
			isa = PBXTargetDependency;
			target = 046D2CFC1B615B62007D24DD /* yyDown */;
			targetProxy = 046D2D171B615B63007D24DD /* PBXContainerItemProxy */;
		};
/* End PBXTargetDependency section */

/* Begin PBXVariantGroup section */
		046D2D0A1B615B63007D24DD /* Main.storyboard */ = {
			isa = PBXVariantGroup;
			children = (
				046D2D0B1B615B63007D24DD /* Base */,
			);
			name = Main.storyboard;
			sourceTree = "<group>";
		};
		046D2D0F1B615B63007D24DD /* LaunchScreen.xib */ = {
			isa = PBXVariantGroup;
			children = (
				046D2D101B615B63007D24DD /* Base */,
			);
			name = LaunchScreen.xib;
			sourceTree = "<group>";
		};
/* End PBXVariantGroup section */

/* Begin XCBuildConfiguration section */
		046D2D1E1B615B63007D24DD /* Debug */ = {
			isa = XCBuildConfiguration;
			buildSettings = {
				ALWAYS_SEARCH_USER_PATHS = NO;
				CLANG_CXX_LANGUAGE_STANDARD = "gnu++0x";
				CLANG_CXX_LIBRARY = "libc++";
				CLANG_ENABLE_MODULES = YES;
				CLANG_ENABLE_OBJC_ARC = YES;
				CLANG_WARN_BOOL_CONVERSION = YES;
				CLANG_WARN_CONSTANT_CONVERSION = YES;
				CLANG_WARN_DIRECT_OBJC_ISA_USAGE = YES_ERROR;
				CLANG_WARN_EMPTY_BODY = YES;
				CLANG_WARN_ENUM_CONVERSION = YES;
				CLANG_WARN_INT_CONVERSION = YES;
				CLANG_WARN_OBJC_ROOT_CLASS = YES_ERROR;
				CLANG_WARN_UNREACHABLE_CODE = YES;
				CLANG_WARN__DUPLICATE_METHOD_MATCH = YES;
				"CODE_SIGN_IDENTITY[sdk=iphoneos*]" = "iPhone Developer";
				COPY_PHASE_STRIP = NO;
				DEBUG_INFORMATION_FORMAT = "dwarf-with-dsym";
				ENABLE_STRICT_OBJC_MSGSEND = YES;
				GCC_C_LANGUAGE_STANDARD = gnu99;
				GCC_DYNAMIC_NO_PIC = NO;
				GCC_NO_COMMON_BLOCKS = YES;
				GCC_OPTIMIZATION_LEVEL = 0;
				GCC_PREPROCESSOR_DEFINITIONS = (
					"DEBUG=1",
					"$(inherited)",
				);
				GCC_SYMBOLS_PRIVATE_EXTERN = NO;
				GCC_WARN_64_TO_32_BIT_CONVERSION = YES;
				GCC_WARN_ABOUT_RETURN_TYPE = YES_ERROR;
				GCC_WARN_UNDECLARED_SELECTOR = YES;
				GCC_WARN_UNINITIALIZED_AUTOS = YES_AGGRESSIVE;
				GCC_WARN_UNUSED_FUNCTION = YES;
				GCC_WARN_UNUSED_VARIABLE = YES;
				IPHONEOS_DEPLOYMENT_TARGET = 8.3;
				MTL_ENABLE_DEBUG_INFO = YES;
				ONLY_ACTIVE_ARCH = YES;
				SDKROOT = iphoneos;
			};
			name = Debug;
		};
		046D2D1F1B615B63007D24DD /* Release */ = {
			isa = XCBuildConfiguration;
			buildSettings = {
				ALWAYS_SEARCH_USER_PATHS = NO;
				CLANG_CXX_LANGUAGE_STANDARD = "gnu++0x";
				CLANG_CXX_LIBRARY = "libc++";
				CLANG_ENABLE_MODULES = YES;
				CLANG_ENABLE_OBJC_ARC = YES;
				CLANG_WARN_BOOL_CONVERSION = YES;
				CLANG_WARN_CONSTANT_CONVERSION = YES;
				CLANG_WARN_DIRECT_OBJC_ISA_USAGE = YES_ERROR;
				CLANG_WARN_EMPTY_BODY = YES;
				CLANG_WARN_ENUM_CONVERSION = YES;
				CLANG_WARN_INT_CONVERSION = YES;
				CLANG_WARN_OBJC_ROOT_CLASS = YES_ERROR;
				CLANG_WARN_UNREACHABLE_CODE = YES;
				CLANG_WARN__DUPLICATE_METHOD_MATCH = YES;
				"CODE_SIGN_IDENTITY[sdk=iphoneos*]" = "iPhone Developer";
				COPY_PHASE_STRIP = NO;
				DEBUG_INFORMATION_FORMAT = "dwarf-with-dsym";
				ENABLE_NS_ASSERTIONS = NO;
				ENABLE_STRICT_OBJC_MSGSEND = YES;
				GCC_C_LANGUAGE_STANDARD = gnu99;
				GCC_NO_COMMON_BLOCKS = YES;
				GCC_WARN_64_TO_32_BIT_CONVERSION = YES;
				GCC_WARN_ABOUT_RETURN_TYPE = YES_ERROR;
				GCC_WARN_UNDECLARED_SELECTOR = YES;
				GCC_WARN_UNINITIALIZED_AUTOS = YES_AGGRESSIVE;
				GCC_WARN_UNUSED_FUNCTION = YES;
				GCC_WARN_UNUSED_VARIABLE = YES;
				IPHONEOS_DEPLOYMENT_TARGET = 8.3;
				MTL_ENABLE_DEBUG_INFO = NO;
				SDKROOT = iphoneos;
				VALIDATE_PRODUCT = YES;
			};
			name = Release;
		};
		046D2D211B615B63007D24DD /* Debug */ = {
			isa = XCBuildConfiguration;
			buildSettings = {
				ASSETCATALOG_COMPILER_APPICON_NAME = AppIcon;
				INFOPLIST_FILE = yyDown/Info.plist;
				LD_RUNPATH_SEARCH_PATHS = "$(inherited) @executable_path/Frameworks";
				PRODUCT_NAME = "$(TARGET_NAME)";
			};
			name = Debug;
		};
		046D2D221B615B63007D24DD /* Release */ = {
			isa = XCBuildConfiguration;
			buildSettings = {
				ASSETCATALOG_COMPILER_APPICON_NAME = AppIcon;
				INFOPLIST_FILE = yyDown/Info.plist;
				LD_RUNPATH_SEARCH_PATHS = "$(inherited) @executable_path/Frameworks";
				PRODUCT_NAME = "$(TARGET_NAME)";
			};
			name = Release;
		};
		046D2D241B615B63007D24DD /* Debug */ = {
			isa = XCBuildConfiguration;
			buildSettings = {
				BUNDLE_LOADER = "$(TEST_HOST)";
				FRAMEWORK_SEARCH_PATHS = (
					"$(SDKROOT)/Developer/Library/Frameworks",
					"$(inherited)",
				);
				GCC_PREPROCESSOR_DEFINITIONS = (
					"DEBUG=1",
					"$(inherited)",
				);
				INFOPLIST_FILE = yyDownTests/Info.plist;
				LD_RUNPATH_SEARCH_PATHS = "$(inherited) @executable_path/Frameworks @loader_path/Frameworks";
				PRODUCT_NAME = "$(TARGET_NAME)";
				TEST_HOST = "$(BUILT_PRODUCTS_DIR)/yyDown.app/yyDown";
			};
			name = Debug;
		};
		046D2D251B615B63007D24DD /* Release */ = {
			isa = XCBuildConfiguration;
			buildSettings = {
				BUNDLE_LOADER = "$(TEST_HOST)";
				FRAMEWORK_SEARCH_PATHS = (
					"$(SDKROOT)/Developer/Library/Frameworks",
					"$(inherited)",
				);
				INFOPLIST_FILE = yyDownTests/Info.plist;
				LD_RUNPATH_SEARCH_PATHS = "$(inherited) @executable_path/Frameworks @loader_path/Frameworks";
				PRODUCT_NAME = "$(TARGET_NAME)";
				TEST_HOST = "$(BUILT_PRODUCTS_DIR)/yyDown.app/yyDown";
			};
			name = Release;
		};
/* End XCBuildConfiguration section */

/* Begin XCConfigurationList section */
		046D2CF81B615B62007D24DD /* Build configuration list for PBXProject "yyDown" */ = {
			isa = XCConfigurationList;
			buildConfigurations = (
				046D2D1E1B615B63007D24DD /* Debug */,
				046D2D1F1B615B63007D24DD /* Release */,
			);
			defaultConfigurationIsVisible = 0;
			defaultConfigurationName = Release;
		};
		046D2D201B615B63007D24DD /* Build configuration list for PBXNativeTarget "yyDown" */ = {
			isa = XCConfigurationList;
			buildConfigurations = (
				046D2D211B615B63007D24DD /* Debug */,
				046D2D221B615B63007D24DD /* Release */,
			);
			defaultConfigurationIsVisible = 0;
		};
		046D2D231B615B63007D24DD /* Build configuration list for PBXNativeTarget "yyDownTests" */ = {
			isa = XCConfigurationList;
			buildConfigurations = (
				046D2D241B615B63007D24DD /* Debug */,
				046D2D251B615B63007D24DD /* Release */,
			);
			defaultConfigurationIsVisible = 0;
		};
/* End XCConfigurationList section */
	};
	rootObject = 046D2CF51B615B62007D24DD /* Project object */;
}
